
Microsoft Visual Studio Solution File, Format Version 12.00
# Visual Studio Version 16
VisualStudioVersion = 16.0.33801.447
MinimumVisualStudioVersion = 10.0.40219.1
Project("{FAE04EC0-301F-11D3-BF4B-00C04F79EFBC}") = "ASPNetWebForms", "ASPNetWebForms\ASPNetWebForms.csproj", "{996ECA0A-3709-4F16-9365-74EB19ED3C85}"
EndProject
Project("{FAE04EC0-301F-11D3-BF4B-00C04F79EFBC}") = "ASPNetWebForms.Tests", "ASPNetWebForms.Tests\ASPNetWebForms.Tests.csproj", "{49A77017-4314-45EB-8802-697AE1F7DF08}"
EndProject
Project("{2150E333-8FDC-42A3-9474-1A3956D46DE8}") = "UI", "UI", "{81154DEA-1EDB-4A88-9310-9ADD04F47F38}"
EndProject
Project("{2150E333-8FDC-42A3-9474-1A3956D46DE8}") = "Infra", "Infra", "{0E7E2B73-9807-433E-B6CE-5BC830E4EC60}"
EndProject
Project("{2150E333-8FDC-42A3-9474-1A3956D46DE8}") = "Service", "Service", "{315D7A14-0FF8-43D4-9EA5-BB19CA5640D6}"
EndProject
Global
	GlobalSection(SolutionConfigurationPlatforms) = preSolution
		Debug|Any CPU = Debug|Any CPU
		Release|Any CPU = Release|Any CPU
	EndGlobalSection
	GlobalSection(ProjectConfigurationPlatforms) = postSolution
		{996ECA0A-3709-4F16-9365-74EB19ED3C85}.Debug|Any CPU.ActiveCfg = Debug|Any CPU
		{996ECA0A-3709-4F16-9365-74EB19ED3C85}.Debug|Any CPU.Build.0 = Debug|Any CPU
		{996ECA0A-3709-4F16-9365-74EB19ED3C85}.Release|Any CPU.ActiveCfg = Release|Any CPU
		{996ECA0A-3709-4F16-9365-74EB19ED3C85}.Release|Any CPU.Build.0 = Release|Any CPU
		{49A77017-4314-45EB-8802-697AE1F7DF08}.Debug|Any CPU.ActiveCfg = Debug|Any CPU
		{49A77017-4314-45EB-8802-697AE1F7DF08}.Debug|Any CPU.Build.0 = Debug|Any CPU
		{49A77017-4314-45EB-8802-697AE1F7DF08}.Release|Any CPU.ActiveCfg = Release|Any CPU
		{49A77017-4314-45EB-8802-697AE1F7DF08}.Release|Any CPU.Build.0 = Release|Any CPU
	EndGlobalSection
	GlobalSection(SolutionProperties) = preSolution
		HideSolutionNode = FALSE
	EndGlobalSection
	GlobalSection(ExtensibilityGlobals) = postSolution
		SolutionGuid = {B574EC55-357E-485F-A1B3-C70EB87BC123}
	EndGlobalSection
EndGlobal
